<?xml version="1.0" encoding="utf-8"?>
<Project ToolsVersion="4.0" xmlns="http://schemas.microsoft.com/developer/msbuild/2003">
  <ItemGroup>
    <Filter Include="源文件">
      <UniqueIdentifier>{4FC737F1-C7A5-4376-A066-2A32D752A2FF}</UniqueIdentifier>
      <Extensions>cpp;c;cc;cxx;def;odl;idl;hpj;bat;asm;asmx</Extensions>
    </Filter>
    <Filter Include="头文件">
      <UniqueIdentifier>{93995380-89BD-4b04-88EB-625FBE52EBFB}</UniqueIdentifier>
      <Extensions>h;hh;hpp;hxx;hm;inl;inc;xsd</Extensions>
    </Filter>
    <Filter Include="资源文件">
      <UniqueIdentifier>{67DA6AB6-F800-4c08-8B7A-83BB121AAD01}</UniqueIdentifier>
      <Extensions>rc;ico;cur;bmp;dlg;rc2;rct;bin;rgs;gif;jpg;jpeg;jpe;resx;tiff;tif;png;wav;mfcribbon-ms</Extensions>
    </Filter>
    <Filter Include="头文件\libav">
      <UniqueIdentifier>{7f550f06-c323-4f01-92ae-f34b45140388}</UniqueIdentifier>
    </Filter>
    <Filter Include="源文件\libav">
      <UniqueIdentifier>{541a6dd2-eaab-450b-a3f7-939d077d5571}</UniqueIdentifier>
    </Filter>
    <Filter Include="头文件\audio">
      <UniqueIdentifier>{0de42552-476e-4c6a-8021-7277d08c0379}</UniqueIdentifier>
    </Filter>
    <Filter Include="源文件\audio">
      <UniqueIdentifier>{167bb1f0-e20c-4d57-99e1-58cdf247815b}</UniqueIdentifier>
    </Filter>
    <Filter Include="头文件\video">
      <UniqueIdentifier>{cedf5045-d368-4f43-a591-50a9d7acd7a4}</UniqueIdentifier>
    </Filter>
    <Filter Include="源文件\video">
      <UniqueIdentifier>{977a6627-2a3e-4a80-99ab-cea6d1987c50}</UniqueIdentifier>
    </Filter>
    <Filter Include="头文件\ui">
      <UniqueIdentifier>{6e773e3a-ea4a-49ca-b54f-2b0594152245}</UniqueIdentifier>
    </Filter>
    <Filter Include="源文件\ui">
      <UniqueIdentifier>{2c81b6c2-231c-453a-ac7e-fcfbf710c963}</UniqueIdentifier>
    </Filter>
    <Filter Include="头文件\ui\control">
      <UniqueIdentifier>{192cd03a-afb8-4188-b038-6c4f6744fea0}</UniqueIdentifier>
    </Filter>
    <Filter Include="头文件\ui\core">
      <UniqueIdentifier>{ed6a7993-7101-47da-a43d-f705a9857266}</UniqueIdentifier>
    </Filter>
    <Filter Include="头文件\ui\platform">
      <UniqueIdentifier>{a71d9c69-7062-4275-9cc0-d88354d9ddc4}</UniqueIdentifier>
    </Filter>
    <Filter Include="源文件\ui\control">
      <UniqueIdentifier>{70d70b25-4d9d-44b4-9482-66d2c0f8c0c3}</UniqueIdentifier>
    </Filter>
    <Filter Include="源文件\ui\core">
      <UniqueIdentifier>{6d708dee-cc5c-4fe2-bc8c-a39be27c5a7b}</UniqueIdentifier>
    </Filter>
    <Filter Include="源文件\ui\platform">
      <UniqueIdentifier>{7cd055cd-575f-48a5-8504-4cf9475ae5d4}</UniqueIdentifier>
    </Filter>
    <Filter Include="源文件\ui\platform\os">
      <UniqueIdentifier>{b2102223-52cd-4b01-9716-6adc76ab3ba6}</UniqueIdentifier>
    </Filter>
    <Filter Include="源文件\ui\platform\graph">
      <UniqueIdentifier>{d46880bc-7f43-4501-b71b-494eb5a18fda}</UniqueIdentifier>
    </Filter>
    <Filter Include="头文件\ui\platform\os">
      <UniqueIdentifier>{7a223ffc-9e04-4c7c-ae77-d6c8764f500b}</UniqueIdentifier>
    </Filter>
    <Filter Include="头文件\ui\platform\graph">
      <UniqueIdentifier>{7a2cb038-7c44-4c0a-8fb7-d931e444d118}</UniqueIdentifier>
    </Filter>
    <Filter Include="源文件\list">
      <UniqueIdentifier>{3752de04-87c7-4167-9ae5-f72da505ae37}</UniqueIdentifier>
    </Filter>
    <Filter Include="头文件\list">
      <UniqueIdentifier>{b7941a82-d6a8-4635-995c-b092e463e1e4}</UniqueIdentifier>
    </Filter>
  </ItemGroup>
  <ItemGroup>
    <Text Include="ReadMe.txt" />
  </ItemGroup>
  <ItemGroup>
    <ClInclude Include="stdafx.h">
      <Filter>头文件</Filter>
    </ClInclude>
    <ClInclude Include="libav\avplay.h">
      <Filter>头文件\libav</Filter>
    </ClInclude>
    <ClInclude Include="libav\ffmpeg.h">
      <Filter>头文件\libav</Filter>
    </ClInclude>
    <ClInclude Include="libav\globals.h">
      <Filter>头文件\libav</Filter>
    </ClInclude>
    <ClInclude Include="audio\audio_out.h">
      <Filter>头文件\audio</Filter>
    </ClInclude>
    <ClInclude Include="audio\audio_render.h">
      <Filter>头文件\audio</Filter>
    </ClInclude>
    <ClInclude Include="audio\audiocvt.h">
      <Filter>头文件\audio</Filter>
    </ClInclude>
    <ClInclude Include="audio\dsound_render.h">
      <Filter>头文件\audio</Filter>
    </ClInclude>
    <ClInclude Include="audio\internal.h">
      <Filter>头文件\audio</Filter>
    </ClInclude>
    <ClInclude Include="audio\wave_render.h">
      <Filter>头文件\audio</Filter>
    </ClInclude>
    <ClInclude Include="video\d3d_render.h">
      <Filter>头文件\video</Filter>
    </ClInclude>
    <ClInclude Include="video\ddraw_render.h">
      <Filter>头文件\video</Filter>
    </ClInclude>
    <ClInclude Include="video\internal.h">
      <Filter>头文件\video</Filter>
    </ClInclude>
    <ClInclude Include="video\opengl_render.h">
      <Filter>头文件\video</Filter>
    </ClInclude>
    <ClInclude Include="video\soft_render.h">
      <Filter>头文件\video</Filter>
    </ClInclude>
    <ClInclude Include="video\video_out.h">
      <Filter>头文件\video</Filter>
    </ClInclude>
    <ClInclude Include="video\video_render.h">
      <Filter>头文件\video</Filter>
    </ClInclude>
    <ClInclude Include="video\y4m_render.h">
      <Filter>头文件\video</Filter>
    </ClInclude>
    <ClInclude Include="ui\core\Control.h">
      <Filter>头文件\ui\core</Filter>
    </ClInclude>
    <ClInclude Include="ui\core\function.h">
      <Filter>头文件\ui\core</Filter>
    </ClInclude>
    <ClInclude Include="ui\core\window.h">
      <Filter>头文件\ui\core</Filter>
    </ClInclude>
    <ClInclude Include="ui\config.h">
      <Filter>头文件\ui</Filter>
    </ClInclude>
    <ClInclude Include="ui\zui.h">
      <Filter>头文件\ui</Filter>
    </ClInclude>
    <ClInclude Include="ui\platform\os\os.h">
      <Filter>头文件\ui\platform\os</Filter>
    </ClInclude>
    <ClInclude Include="ui\platform\os\win.h">
      <Filter>头文件\ui\platform\os</Filter>
    </ClInclude>
    <ClInclude Include="ui\platform\graph\gdi.h">
      <Filter>头文件\ui\platform\graph</Filter>
    </ClInclude>
    <ClInclude Include="ui\platform\graph\graph.h">
      <Filter>头文件\ui\platform\graph</Filter>
    </ClInclude>
    <ClInclude Include="ui\platform\platform.h">
      <Filter>头文件\ui\platform</Filter>
    </ClInclude>
    <ClInclude Include="ui\control\ZuiButton.h">
      <Filter>头文件\ui\control</Filter>
    </ClInclude>
    <ClInclude Include="list\play_list.h">
      <Filter>头文件\list</Filter>
    </ClInclude>
  </ItemGroup>
  <ItemGroup>
    <ClCompile Include="stdafx.cpp">
      <Filter>源文件</Filter>
    </ClCompile>
    <ClCompile Include="FFMPGE.cpp">
      <Filter>源文件</Filter>
    </ClCompile>
    <ClCompile Include="libav\avplay.c">
      <Filter>源文件\libav</Filter>
    </ClCompile>
    <ClCompile Include="audio\audio_out.cpp">
      <Filter>源文件\audio</Filter>
    </ClCompile>
    <ClCompile Include="audio\dsound_render.cpp">
      <Filter>源文件\audio</Filter>
    </ClCompile>
    <ClCompile Include="audio\wave_render.cpp">
      <Filter>源文件\audio</Filter>
    </ClCompile>
    <ClCompile Include="video\d3d_render.cpp">
      <Filter>源文件\video</Filter>
    </ClCompile>
    <ClCompile Include="video\ddraw_render.cpp">
      <Filter>源文件\video</Filter>
    </ClCompile>
    <ClCompile Include="video\soft_render.cpp">
      <Filter>源文件\video</Filter>
    </ClCompile>
    <ClCompile Include="video\video_out.cpp">
      <Filter>源文件\video</Filter>
    </ClCompile>
    <ClCompile Include="ui\core\Control.c">
      <Filter>源文件\ui\core</Filter>
    </ClCompile>
    <ClCompile Include="ui\core\function.c">
      <Filter>源文件\ui\core</Filter>
    </ClCompile>
    <ClCompile Include="ui\core\window.c">
      <Filter>源文件\ui\core</Filter>
    </ClCompile>
    <ClCompile Include="ui\platform\graph\gdi.c">
      <Filter>源文件\ui\platform\graph</Filter>
    </ClCompile>
    <ClCompile Include="ui\platform\os\win.c">
      <Filter>源文件\ui\platform\os</Filter>
    </ClCompile>
    <ClCompile Include="ui\control\ZuiButton.c">
      <Filter>源文件\ui\control</Filter>
    </ClCompile>
    <ClCompile Include="list\play_list.c">
      <Filter>源文件\list</Filter>
    </ClCompile>
  </ItemGroup>
</Project>